<?xml version="1.0" encoding="utf-8"?>
<Project ToolsVersion="4.0" xmlns="http://schemas.microsoft.com/developer/msbuild/2003">
  <ItemGroup>
    <Filter Include="Source Files">
      <UniqueIdentifier>{779d911e-f194-401b-87e1-94c6a04b21bf}</UniqueIdentifier>
      <Extensions>cpp;c;cxx;rc;def;r;odl;idl;hpj;bat</Extensions>
    </Filter>
    <Filter Include="Header Files">
      <UniqueIdentifier>{5fcb94ea-f1ff-433f-9b3f-8594d6e886b8}</UniqueIdentifier>
      <Extensions>h;hpp;hxx;hm;inl</Extensions>
    </Filter>
    <Filter Include="Resource Files">
      <UniqueIdentifier>{663765e3-7c4f-4934-b69e-1ad0610b56df}</UniqueIdentifier>
      <Extensions>ico;cur;bmp;dlg;rc2;rct;bin;rgs;gif;jpg;jpeg;jpe</Extensions>
    </Filter>
  </ItemGroup>
  <ItemGroup>
    <ClCompile Include="ddutil.cpp">
      <Filter>Source Files</Filter>
    </ClCompile>
    <ClCompile Include="DXMng.cpp">
      <Filter>Source Files</Filter>
    </ClCompile>
    <ClCompile Include="DxWFrame.cpp">
      <Filter>Source Files</Filter>
    </ClCompile>
    <ClCompile Include="FpsMng.cpp">
      <Filter>Source Files</Filter>
    </ClCompile>
    <ClCompile Include="HHsound.cpp">
      <Filter>Source Files</Filter>
    </ClCompile>
  </ItemGroup>
  <ItemGroup>
    <ClInclude Include="ddutil.h">
      <Filter>Header Files</Filter>
    </ClInclude>
    <ClInclude Include="DxMng.h">
      <Filter>Header Files</Filter>
    </ClInclude>
    <ClInclude Include="DxWFrame.h">
      <Filter>Header Files</Filter>
    </ClInclude>
    <ClInclude Include="FpsMng.h">
      <Filter>Header Files</Filter>
    </ClInclude>
    <ClInclude Include="HHsound.h">
      <Filter>Header Files</Filter>
    </ClInclude>
  </ItemGroup>
</Project>